<?xml version="1.0" encoding="utf-8"?>
<Project ToolsVersion="4.0" xmlns="http://schemas.microsoft.com/developer/msbuild/2003">
  <ItemGroup>
    <ClCompile Include="source\Player.cpp">
      <Filter>source</Filter>
    </ClCompile>
    <ClCompile Include="source\main.cpp">
      <Filter>source</Filter>
    </ClCompile>
    <ClCompile Include="source\Ball.cpp">
      <Filter>source</Filter>
    </ClCompile>
    <ClCompile Include="source\Brick.cpp">
      <Filter>source</Filter>
    </ClCompile>
  </ItemGroup>
  <ItemGroup>
    <Filter Include="include">
      <UniqueIdentifier>{3cb92060-d9e6-4a64-9bc0-cdc39ebdd6e8}</UniqueIdentifier>
    </Filter>
    <Filter Include="source">
      <UniqueIdentifier>{b6e574b5-9c27-477a-a144-025f9d6d510d}</UniqueIdentifier>
    </Filter>
  </ItemGroup>
  <ItemGroup>
    <ClInclude Include="include\Globals.h">
      <Filter>include</Filter>
    </ClInclude>
    <ClInclude Include="include\Player.h">
      <Filter>include</Filter>
    </ClInclude>
    <ClInclude Include="include\Ball.h">
      <Filter>include</Filter>
    </ClInclude>
    <ClInclude Include="include\Brick.h">
      <Filter>include</Filter>
    </ClInclude>
  </ItemGroup>
</Project>